
Microsoft Visual Studio Solution File, Format Version 12.00
# Visual Studio Version 17
VisualStudioVersion = 17.5.002.0
MinimumVisualStudioVersion = 10.0.40219.1
Project("{9A19103F-16F7-4668-BE54-9A1E7A4F7556}") = "Gerenciador", "Gerenciador.csproj", "{B1CC0E62-839F-4F77-B6D2-A5D83CCD349B}"
EndProject
Global
	GlobalSection(SolutionConfigurationPlatforms) = preSolution
		Debug|Any CPU = Debug|Any CPU
		Release|Any CPU = Release|Any CPU
	EndGlobalSection
	GlobalSection(ProjectConfigurationPlatforms) = postSolution
		{B1CC0E62-839F-4F77-B6D2-A5D83CCD349B}.Debug|Any CPU.ActiveCfg = Debug|Any CPU
		{B1CC0E62-839F-4F77-B6D2-A5D83CCD349B}.Debug|Any CPU.Build.0 = Debug|Any CPU
		{B1CC0E62-839F-4F77-B6D2-A5D83CCD349B}.Release|Any CPU.ActiveCfg = Release|Any CPU
		{B1CC0E62-839F-4F77-B6D2-A5D83CCD349B}.Release|Any CPU.Build.0 = Release|Any CPU
	EndGlobalSection
	GlobalSection(SolutionProperties) = preSolution
		HideSolutionNode = FALSE
	EndGlobalSection
	GlobalSection(ExtensibilityGlobals) = postSolution
		SolutionGuid = {124AD3D4-CDAC-4BB2-BA8F-FD56EA87C33E}
	EndGlobalSection
EndGlobal
